// !$*UTF8*$!
{
	archiveVersion = 1;
	classes = {
	};
	objectVersion = 48;
	objects = {

/* Begin PBXBuildFile section */
		04211639B9BC6E44E9CF46B6 /* libPods-WKWebViewDemo.a in Frameworks */ = {isa = PBXBuildFile; fileRef = C3F49E2FF945414AAA93C76E /* libPods-WKWebViewDemo.a */; };
		6BD6B3B420EDC73800196AB5 /* AppDelegate.m in Sources */ = {isa = PBXBuildFile; fileRef = 6BD6B3B320EDC73800196AB5 /* AppDelegate.m */; };
		6BD6B3B720EDC73800196AB5 /* ViewController.m in Sources */ = {isa = PBXBuildFile; fileRef = 6BD6B3B620EDC73800196AB5 /* ViewController.m */; };
		6BD6B3BA20EDC73800196AB5 /* Main.storyboard in Resources */ = {isa = PBXBuildFile; fileRef = 6BD6B3B820EDC73800196AB5 /* Main.storyboard */; };
		6BD6B3BC20EDC73800196AB5 /* Assets.xcassets in Resources */ = {isa = PBXBuildFile; fileRef = 6BD6B3BB20EDC73800196AB5 /* Assets.xcassets */; };
		6BD6B3BF20EDC73800196AB5 /* LaunchScreen.storyboard in Resources */ = {isa = PBXBuildFile; fileRef = 6BD6B3BD20EDC73800196AB5 /* LaunchScreen.storyboard */; };
		6BD6B3C220EDC73800196AB5 /* main.m in Sources */ = {isa = PBXBuildFile; fileRef = 6BD6B3C120EDC73800196AB5 /* main.m */; };
		6BD6B3CC20EDC73800196AB5 /* WKWebViewDemoTests.m in Sources */ = {isa = PBXBuildFile; fileRef = 6BD6B3CB20EDC73800196AB5 /* WKWebViewDemoTests.m */; };
		6BD6B3D720EDC73800196AB5 /* WKWebViewDemoUITests.m in Sources */ = {isa = PBXBuildFile; fileRef = 6BD6B3D620EDC73800196AB5 /* WKWebViewDemoUITests.m */; };
		6BD6B3E620EDF9E700196AB5 /* Native.js in Resources */ = {isa = PBXBuildFile; fileRef = 6BD6B3E420EDF9E700196AB5 /* Native.js */; };
		6BD6B3E720EDF9E700196AB5 /* Native.html in Resources */ = {isa = PBXBuildFile; fileRef = 6BD6B3E520EDF9E700196AB5 /* Native.html */; };
		6BD6B3EA20EE018600196AB5 /* NativeJSViewController.m in Sources */ = {isa = PBXBuildFile; fileRef = 6BD6B3E920EE018600196AB5 /* NativeJSViewController.m */; };
		6BD6B3ED20EF0E1200196AB5 /* Podfile in Resources */ = {isa = PBXBuildFile; fileRef = 6BD6B3EC20EF0E1100196AB5 /* Podfile */; };
		6BD6B3F120EF107F00196AB5 /* JSBridgeViewController.m in Sources */ = {isa = PBXBuildFile; fileRef = 6BD6B3F020EF107F00196AB5 /* JSBridgeViewController.m */; };
		6BD6B3F420EF183E00196AB5 /* JSBridge.js in Resources */ = {isa = PBXBuildFile; fileRef = 6BD6B3F220EF183E00196AB5 /* JSBridge.js */; };
		6BD6B3F520EF183E00196AB5 /* JSBridge.html in Resources */ = {isa = PBXBuildFile; fileRef = 6BD6B3F320EF183E00196AB5 /* JSBridge.html */; };
/* End PBXBuildFile section */

/* Begin PBXContainerItemProxy section */
		6BD6B3C820EDC73800196AB5 /* PBXContainerItemProxy */ = {
			isa = PBXContainerItemProxy;
			containerPortal = 6BD6B3A720EDC73800196AB5 /* Project object */;
			proxyType = 1;
			remoteGlobalIDString = 6BD6B3AE20EDC73800196AB5;
			remoteInfo = WKWebViewDemo;
		};
		6BD6B3D320EDC73800196AB5 /* PBXContainerItemProxy */ = {
			isa = PBXContainerItemProxy;
			containerPortal = 6BD6B3A720EDC73800196AB5 /* Project object */;
			proxyType = 1;
			remoteGlobalIDString = 6BD6B3AE20EDC73800196AB5;
			remoteInfo = WKWebViewDemo;
		};
/* End PBXContainerItemProxy section */

/* Begin PBXFileReference section */
		055BFA21BD194671A5DCDB2E /* Pods-WKWebViewDemo.debug.xcconfig */ = {isa = PBXFileReference; includeInIndex = 1; lastKnownFileType = text.xcconfig; name = "Pods-WKWebViewDemo.debug.xcconfig"; path = "Pods/Target Support Files/Pods-WKWebViewDemo/Pods-WKWebViewDemo.debug.xcconfig"; sourceTree = "<group>"; };
		6BD6B3AF20EDC73800196AB5 /* WKWebViewDemo.app */ = {isa = PBXFileReference; explicitFileType = wrapper.application; includeInIndex = 0; path = WKWebViewDemo.app; sourceTree = BUILT_PRODUCTS_DIR; };
		6BD6B3B220EDC73800196AB5 /* AppDelegate.h */ = {isa = PBXFileReference; lastKnownFileType = sourcecode.c.h; path = AppDelegate.h; sourceTree = "<group>"; };
		6BD6B3B320EDC73800196AB5 /* AppDelegate.m */ = {isa = PBXFileReference; lastKnownFileType = sourcecode.c.objc; path = AppDelegate.m; sourceTree = "<group>"; };
		6BD6B3B520EDC73800196AB5 /* ViewController.h */ = {isa = PBXFileReference; lastKnownFileType = sourcecode.c.h; path = ViewController.h; sourceTree = "<group>"; };
		6BD6B3B620EDC73800196AB5 /* ViewController.m */ = {isa = PBXFileReference; lastKnownFileType = sourcecode.c.objc; path = ViewController.m; sourceTree = "<group>"; };
		6BD6B3B920EDC73800196AB5 /* Base */ = {isa = PBXFileReference; lastKnownFileType = file.storyboard; name = Base; path = Base.lproj/Main.storyboard; sourceTree = "<group>"; };
		6BD6B3BB20EDC73800196AB5 /* Assets.xcassets */ = {isa = PBXFileReference; lastKnownFileType = folder.assetcatalog; path = Assets.xcassets; sourceTree = "<group>"; };
		6BD6B3BE20EDC73800196AB5 /* Base */ = {isa = PBXFileReference; lastKnownFileType = file.storyboard; name = Base; path = Base.lproj/LaunchScreen.storyboard; sourceTree = "<group>"; };
		6BD6B3C020EDC73800196AB5 /* Info.plist */ = {isa = PBXFileReference; lastKnownFileType = text.plist.xml; path = Info.plist; sourceTree = "<group>"; };
		6BD6B3C120EDC73800196AB5 /* main.m */ = {isa = PBXFileReference; lastKnownFileType = sourcecode.c.objc; path = main.m; sourceTree = "<group>"; };
		6BD6B3C720EDC73800196AB5 /* WKWebViewDemoTests.xctest */ = {isa = PBXFileReference; explicitFileType = wrapper.cfbundle; includeInIndex = 0; path = WKWebViewDemoTests.xctest; sourceTree = BUILT_PRODUCTS_DIR; };
		6BD6B3CB20EDC73800196AB5 /* WKWebViewDemoTests.m */ = {isa = PBXFileReference; lastKnownFileType = sourcecode.c.objc; path = WKWebViewDemoTests.m; sourceTree = "<group>"; };
		6BD6B3CD20EDC73800196AB5 /* Info.plist */ = {isa = PBXFileReference; lastKnownFileType = text.plist.xml; path = Info.plist; sourceTree = "<group>"; };
		6BD6B3D220EDC73800196AB5 /* WKWebViewDemoUITests.xctest */ = {isa = PBXFileReference; explicitFileType = wrapper.cfbundle; includeInIndex = 0; path = WKWebViewDemoUITests.xctest; sourceTree = BUILT_PRODUCTS_DIR; };
		6BD6B3D620EDC73800196AB5 /* WKWebViewDemoUITests.m */ = {isa = PBXFileReference; lastKnownFileType = sourcecode.c.objc; path = WKWebViewDemoUITests.m; sourceTree = "<group>"; };
		6BD6B3D820EDC73800196AB5 /* Info.plist */ = {isa = PBXFileReference; lastKnownFileType = text.plist.xml; path = Info.plist; sourceTree = "<group>"; };
		6BD6B3E420EDF9E700196AB5 /* Native.js */ = {isa = PBXFileReference; fileEncoding = 4; lastKnownFileType = sourcecode.javascript; path = Native.js; sourceTree = "<group>"; };
		6BD6B3E520EDF9E700196AB5 /* Native.html */ = {isa = PBXFileReference; fileEncoding = 4; lastKnownFileType = text.html; path = Native.html; sourceTree = "<group>"; };
		6BD6B3E820EE018600196AB5 /* NativeJSViewController.h */ = {isa = PBXFileReference; lastKnownFileType = sourcecode.c.h; path = NativeJSViewController.h; sourceTree = "<group>"; };
		6BD6B3E920EE018600196AB5 /* NativeJSViewController.m */ = {isa = PBXFileReference; lastKnownFileType = sourcecode.c.objc; path = NativeJSViewController.m; sourceTree = "<group>"; };
		6BD6B3EC20EF0E1100196AB5 /* Podfile */ = {isa = PBXFileReference; fileEncoding = 4; lastKnownFileType = text; path = Podfile; sourceTree = SOURCE_ROOT; xcLanguageSpecificationIdentifier = xcode.lang.ruby; };
		6BD6B3EF20EF107F00196AB5 /* JSBridgeViewController.h */ = {isa = PBXFileReference; lastKnownFileType = sourcecode.c.h; path = JSBridgeViewController.h; sourceTree = "<group>"; };
		6BD6B3F020EF107F00196AB5 /* JSBridgeViewController.m */ = {isa = PBXFileReference; lastKnownFileType = sourcecode.c.objc; path = JSBridgeViewController.m; sourceTree = "<group>"; };
		6BD6B3F220EF183E00196AB5 /* JSBridge.js */ = {isa = PBXFileReference; fileEncoding = 4; lastKnownFileType = sourcecode.javascript; path = JSBridge.js; sourceTree = "<group>"; };
		6BD6B3F320EF183E00196AB5 /* JSBridge.html */ = {isa = PBXFileReference; fileEncoding = 4; lastKnownFileType = text.html; path = JSBridge.html; sourceTree = "<group>"; };
		9F3DEA6FC277F7C0A07B338E /* Pods-WKWebViewDemo.release.xcconfig */ = {isa = PBXFileReference; includeInIndex = 1; lastKnownFileType = text.xcconfig; name = "Pods-WKWebViewDemo.release.xcconfig"; path = "Pods/Target Support Files/Pods-WKWebViewDemo/Pods-WKWebViewDemo.release.xcconfig"; sourceTree = "<group>"; };
		C3F49E2FF945414AAA93C76E /* libPods-WKWebViewDemo.a */ = {isa = PBXFileReference; explicitFileType = archive.ar; includeInIndex = 0; path = "libPods-WKWebViewDemo.a"; sourceTree = BUILT_PRODUCTS_DIR; };
/* End PBXFileReference section */

/* Begin PBXFrameworksBuildPhase section */
		6BD6B3AC20EDC73800196AB5 /* Frameworks */ = {
			isa = PBXFrameworksBuildPhase;
			buildActionMask = 2147483647;
			files = (
				04211639B9BC6E44E9CF46B6 /* libPods-WKWebViewDemo.a in Frameworks */,
			);
			runOnlyForDeploymentPostprocessing = 0;
		};
		6BD6B3C420EDC73800196AB5 /* Frameworks */ = {
			isa = PBXFrameworksBuildPhase;
			buildActionMask = 2147483647;
			files = (
			);
			runOnlyForDeploymentPostprocessing = 0;
		};
		6BD6B3CF20EDC73800196AB5 /* Frameworks */ = {
			isa = PBXFrameworksBuildPhase;
			buildActionMask = 2147483647;
			files = (
			);
			runOnlyForDeploymentPostprocessing = 0;
		};
/* End PBXFrameworksBuildPhase section */

/* Begin PBXGroup section */
		6BD6B3A620EDC73800196AB5 = {
			isa = PBXGroup;
			children = (
				6BD6B3B120EDC73800196AB5 /* WKWebViewDemo */,
				6BD6B3CA20EDC73800196AB5 /* WKWebViewDemoTests */,
				6BD6B3D520EDC73800196AB5 /* WKWebViewDemoUITests */,
				6BD6B3B020EDC73800196AB5 /* Products */,
				74EEF70F7C9F46D79E5E30B2 /* Pods */,
				F39A80826B4562851855346E /* Frameworks */,
			);
			sourceTree = "<group>";
		};
		6BD6B3B020EDC73800196AB5 /* Products */ = {
			isa = PBXGroup;
			children = (
				6BD6B3AF20EDC73800196AB5 /* WKWebViewDemo.app */,
				6BD6B3C720EDC73800196AB5 /* WKWebViewDemoTests.xctest */,
				6BD6B3D220EDC73800196AB5 /* WKWebViewDemoUITests.xctest */,
			);
			name = Products;
			sourceTree = "<group>";
		};
		6BD6B3B120EDC73800196AB5 /* WKWebViewDemo */ = {
			isa = PBXGroup;
			children = (
				6BD6B3EB20EF0A2700196AB5 /* Native */,
				6BD6B3EE20EF104C00196AB5 /* JSBridge */,
				6BD6B3B220EDC73800196AB5 /* AppDelegate.h */,
				6BD6B3B320EDC73800196AB5 /* AppDelegate.m */,
				6BD6B3B520EDC73800196AB5 /* ViewController.h */,
				6BD6B3B620EDC73800196AB5 /* ViewController.m */,
				6BD6B3B820EDC73800196AB5 /* Main.storyboard */,
				6BD6B3BB20EDC73800196AB5 /* Assets.xcassets */,
				6BD6B3BD20EDC73800196AB5 /* LaunchScreen.storyboard */,
				6BD6B3C020EDC73800196AB5 /* Info.plist */,
				6BD6B3C120EDC73800196AB5 /* main.m */,
				6BD6B3EC20EF0E1100196AB5 /* Podfile */,
			);
			path = WKWebViewDemo;
			sourceTree = "<group>";
		};
		6BD6B3CA20EDC73800196AB5 /* WKWebViewDemoTests */ = {
			isa = PBXGroup;
			children = (
				6BD6B3CB20EDC73800196AB5 /* WKWebViewDemoTests.m */,
				6BD6B3CD20EDC73800196AB5 /* Info.plist */,
			);
			path = WKWebViewDemoTests;
			sourceTree = "<group>";
		};
		6BD6B3D520EDC73800196AB5 /* WKWebViewDemoUITests */ = {
			isa = PBXGroup;
			children = (
				6BD6B3D620EDC73800196AB5 /* WKWebViewDemoUITests.m */,
				6BD6B3D820EDC73800196AB5 /* Info.plist */,
			);
			path = WKWebViewDemoUITests;
			sourceTree = "<group>";
		};
		6BD6B3EB20EF0A2700196AB5 /* Native */ = {
			isa = PBXGroup;
			children = (
				6BD6B3E820EE018600196AB5 /* NativeJSViewController.h */,
				6BD6B3E920EE018600196AB5 /* NativeJSViewController.m */,
				6BD6B3E520EDF9E700196AB5 /* Native.html */,
				6BD6B3E420EDF9E700196AB5 /* Native.js */,
			);
			name = Native;
			sourceTree = "<group>";
		};
		6BD6B3EE20EF104C00196AB5 /* JSBridge */ = {
			isa = PBXGroup;
			children = (
				6BD6B3EF20EF107F00196AB5 /* JSBridgeViewController.h */,
				6BD6B3F020EF107F00196AB5 /* JSBridgeViewController.m */,
				6BD6B3F320EF183E00196AB5 /* JSBridge.html */,
				6BD6B3F220EF183E00196AB5 /* JSBridge.js */,
			);
			path = JSBridge;
			sourceTree = "<group>";
		};
		74EEF70F7C9F46D79E5E30B2 /* Pods */ = {
			isa = PBXGroup;
			children = (
				055BFA21BD194671A5DCDB2E /* Pods-WKWebViewDemo.debug.xcconfig */,
				9F3DEA6FC277F7C0A07B338E /* Pods-WKWebViewDemo.release.xcconfig */,
			);
			name = Pods;
			sourceTree = "<group>";
		};
		F39A80826B4562851855346E /* Frameworks */ = {
			isa = PBXGroup;
			children = (
				C3F49E2FF945414AAA93C76E /* libPods-WKWebViewDemo.a */,
			);
			name = Frameworks;
			sourceTree = "<group>";
		};
/* End PBXGroup section */

/* Begin PBXNativeTarget section */
		6BD6B3AE20EDC73800196AB5 /* WKWebViewDemo */ = {
			isa = PBXNativeTarget;
			buildConfigurationList = 6BD6B3DB20EDC73800196AB5 /* Build configuration list for PBXNativeTarget "WKWebViewDemo" */;
			buildPhases = (
				5316E8D789834702A7856CE4 /* [CP] Check Pods Manifest.lock */,
				6BD6B3AB20EDC73800196AB5 /* Sources */,
				6BD6B3AC20EDC73800196AB5 /* Frameworks */,
				6BD6B3AD20EDC73800196AB5 /* Resources */,
			);
			buildRules = (
			);
			dependencies = (
			);
			name = WKWebViewDemo;
			productName = WKWebViewDemo;
			productReference = 6BD6B3AF20EDC73800196AB5 /* WKWebViewDemo.app */;
			productType = "com.apple.product-type.application";
		};
		6BD6B3C620EDC73800196AB5 /* WKWebViewDemoTests */ = {
			isa = PBXNativeTarget;
			buildConfigurationList = 6BD6B3DE20EDC73800196AB5 /* Build configuration list for PBXNativeTarget "WKWebViewDemoTests" */;
			buildPhases = (
				6BD6B3C320EDC73800196AB5 /* Sources */,
				6BD6B3C420EDC73800196AB5 /* Frameworks */,
				6BD6B3C520EDC73800196AB5 /* Resources */,
			);
			buildRules = (
			);
			dependencies = (
				6BD6B3C920EDC73800196AB5 /* PBXTargetDependency */,
			);
			name = WKWebViewDemoTests;
			productName = WKWebViewDemoTests;
			productReference = 6BD6B3C720EDC73800196AB5 /* WKWebViewDemoTests.xctest */;
			productType = "com.apple.product-type.bundle.unit-test";
		};
		6BD6B3D120EDC73800196AB5 /* WKWebViewDemoUITests */ = {
			isa = PBXNativeTarget;
			buildConfigurationList = 6BD6B3E120EDC73800196AB5 /* Build configuration list for PBXNativeTarget "WKWebViewDemoUITests" */;
			buildPhases = (
				6BD6B3CE20EDC73800196AB5 /* Sources */,
				6BD6B3CF20EDC73800196AB5 /* Frameworks */,
				6BD6B3D020EDC73800196AB5 /* Resources */,
			);
			buildRules = (
			);
			dependencies = (
				6BD6B3D420EDC73800196AB5 /* PBXTargetDependency */,
			);
			name = WKWebViewDemoUITests;
			productName = WKWebViewDemoUITests;
			productReference = 6BD6B3D220EDC73800196AB5 /* WKWebViewDemoUITests.xctest */;
			productType = "com.apple.product-type.bundle.ui-testing";
		};
/* End PBXNativeTarget section */

/* Begin PBXProject section */
		6BD6B3A720EDC73800196AB5 /* Project object */ = {
			isa = PBXProject;
			attributes = {
				LastUpgradeCheck = 0920;
				ORGANIZATIONNAME = wandou;
				TargetAttributes = {
					6BD6B3AE20EDC73800196AB5 = {
						CreatedOnToolsVersion = 9.2;
						ProvisioningStyle = Automatic;
					};
					6BD6B3C620EDC73800196AB5 = {
						CreatedOnToolsVersion = 9.2;
						ProvisioningStyle = Automatic;
						TestTargetID = 6BD6B3AE20EDC73800196AB5;
					};
					6BD6B3D120EDC73800196AB5 = {
						CreatedOnToolsVersion = 9.2;
						ProvisioningStyle = Automatic;
						TestTargetID = 6BD6B3AE20EDC73800196AB5;
					};
				};
			};
			buildConfigurationList = 6BD6B3AA20EDC73800196AB5 /* Build configuration list for PBXProject "WKWebViewDemo" */;
			compatibilityVersion = "Xcode 8.0";
			developmentRegion = en;
			hasScannedForEncodings = 0;
			knownRegions = (
				en,
				Base,
			);
			mainGroup = 6BD6B3A620EDC73800196AB5;
			productRefGroup = 6BD6B3B020EDC73800196AB5 /* Products */;
			projectDirPath = "";
			projectRoot = "";
			targets = (
				6BD6B3AE20EDC73800196AB5 /* WKWebViewDemo */,
				6BD6B3C620EDC73800196AB5 /* WKWebViewDemoTests */,
				6BD6B3D120EDC73800196AB5 /* WKWebViewDemoUITests */,
			);
		};
/* End PBXProject section */

/* Begin PBXResourcesBuildPhase section */
		6BD6B3AD20EDC73800196AB5 /* Resources */ = {
			isa = PBXResourcesBuildPhase;
			buildActionMask = 2147483647;
			files = (
				6BD6B3ED20EF0E1200196AB5 /* Podfile in Resources */,
				6BD6B3BF20EDC73800196AB5 /* LaunchScreen.storyboard in Resources */,
				6BD6B3F520EF183E00196AB5 /* JSBridge.html in Resources */,
				6BD6B3BC20EDC73800196AB5 /* Assets.xcassets in Resources */,
				6BD6B3BA20EDC73800196AB5 /* Main.storyboard in Resources */,
				6BD6B3E720EDF9E700196AB5 /* Native.html in Resources */,
				6BD6B3F420EF183E00196AB5 /* JSBridge.js in Resources */,
				6BD6B3E620EDF9E700196AB5 /* Native.js in Resources */,
			);
			runOnlyForDeploymentPostprocessing = 0;
		};
		6BD6B3C520EDC73800196AB5 /* Resources */ = {
			isa = PBXResourcesBuildPhase;
			buildActionMask = 2147483647;
			files = (
			);
			runOnlyForDeploymentPostprocessing = 0;
		};
		6BD6B3D020EDC73800196AB5 /* Resources */ = {
			isa = PBXResourcesBuildPhase;
			buildActionMask = 2147483647;
			files = (
			);
			runOnlyForDeploymentPostprocessing = 0;
		};
/* End PBXResourcesBuildPhase section */

/* Begin PBXShellScriptBuildPhase section */
		5316E8D789834702A7856CE4 /* [CP] Check Pods Manifest.lock */ = {
			isa = PBXShellScriptBuildPhase;
			buildActionMask = 2147483647;
			files = (
			);
			inputPaths = (
				"${PODS_PODFILE_DIR_PATH}/Podfile.lock",
				"${PODS_ROOT}/Manifest.lock",
			);
			name = "[CP] Check Pods Manifest.lock";
			outputPaths = (
				"$(DERIVED_FILE_DIR)/Pods-WKWebViewDemo-checkManifestLockResult.txt",
			);
			runOnlyForDeploymentPostprocessing = 0;
			shellPath = /bin/sh;
			shellScript = "diff \"${PODS_PODFILE_DIR_PATH}/Podfile.lock\" \"${PODS_ROOT}/Manifest.lock\" > /dev/null\nif [ $? != 0 ] ; then\n    # print error to STDERR\n    echo \"error: The sandbox is not in sync with the Podfile.lock. Run 'pod install' or update your CocoaPods installation.\" >&2\n    exit 1\nfi\n# This output is used by Xcode 'outputs' to avoid re-running this script phase.\necho \"SUCCESS\" > \"${SCRIPT_OUTPUT_FILE_0}\"\n";
			showEnvVarsInLog = 0;
		};
/* End PBXShellScriptBuildPhase section */

/* Begin PBXSourcesBuildPhase section */
		6BD6B3AB20EDC73800196AB5 /* Sources */ = {
			isa = PBXSourcesBuildPhase;
			buildActionMask = 2147483647;
			files = (
				6BD6B3B720EDC73800196AB5 /* ViewController.m in Sources */,
				6BD6B3F120EF107F00196AB5 /* JSBridgeViewController.m in Sources */,
				6BD6B3C220EDC73800196AB5 /* main.m in Sources */,
				6BD6B3EA20EE018600196AB5 /* NativeJSViewController.m in Sources */,
				6BD6B3B420EDC73800196AB5 /* AppDelegate.m in Sources */,
			);
			runOnlyForDeploymentPostprocessing = 0;
		};
		6BD6B3C320EDC73800196AB5 /* Sources */ = {
			isa = PBXSourcesBuildPhase;
			buildActionMask = 2147483647;
			files = (
				6BD6B3CC20EDC73800196AB5 /* WKWebViewDemoTests.m in Sources */,
			);
			runOnlyForDeploymentPostprocessing = 0;
		};
		6BD6B3CE20EDC73800196AB5 /* Sources */ = {
			isa = PBXSourcesBuildPhase;
			buildActionMask = 2147483647;
			files = (
				6BD6B3D720EDC73800196AB5 /* WKWebViewDemoUITests.m in Sources */,
			);
			runOnlyForDeploymentPostprocessing = 0;
		};
/* End PBXSourcesBuildPhase section */

/* Begin PBXTargetDependency section */
		6BD6B3C920EDC73800196AB5 /* PBXTargetDependency */ = {
			isa = PBXTargetDependency;
			target = 6BD6B3AE20EDC73800196AB5 /* WKWebViewDemo */;
			targetProxy = 6BD6B3C820EDC73800196AB5 /* PBXContainerItemProxy */;
		};
		6BD6B3D420EDC73800196AB5 /* PBXTargetDependency */ = {
			isa = PBXTargetDependency;
			target = 6BD6B3AE20EDC73800196AB5 /* WKWebViewDemo */;
			targetProxy = 6BD6B3D320EDC73800196AB5 /* PBXContainerItemProxy */;
		};
/* End PBXTargetDependency section */

/* Begin PBXVariantGroup section */
		6BD6B3B820EDC73800196AB5 /* Main.storyboard */ = {
			isa = PBXVariantGroup;
			children = (
				6BD6B3B920EDC73800196AB5 /* Base */,
			);
			name = Main.storyboard;
			sourceTree = "<group>";
		};
		6BD6B3BD20EDC73800196AB5 /* LaunchScreen.storyboard */ = {
			isa = PBXVariantGroup;
			children = (
				6BD6B3BE20EDC73800196AB5 /* Base */,
			);
			name = LaunchScreen.storyboard;
			sourceTree = "<group>";
		};
/* End PBXVariantGroup section */

/* Begin XCBuildConfiguration section */
		6BD6B3D920EDC73800196AB5 /* Debug */ = {
			isa = XCBuildConfiguration;
			buildSettings = {
				ALWAYS_SEARCH_USER_PATHS = NO;
				CLANG_ANALYZER_NONNULL = YES;
				CLANG_ANALYZER_NUMBER_OBJECT_CONVERSION = YES_AGGRESSIVE;
				CLANG_CXX_LANGUAGE_STANDARD = "gnu++14";
				CLANG_CXX_LIBRARY = "libc++";
				CLANG_ENABLE_MODULES = YES;
				CLANG_ENABLE_OBJC_ARC = YES;
				CLANG_WARN_BLOCK_CAPTURE_AUTORELEASING = YES;
				CLANG_WARN_BOOL_CONVERSION = YES;
				CLANG_WARN_COMMA = YES;
				CLANG_WARN_CONSTANT_CONVERSION = YES;
				CLANG_WARN_DIRECT_OBJC_ISA_USAGE = YES_ERROR;
				CLANG_WARN_DOCUMENTATION_COMMENTS = YES;
				CLANG_WARN_EMPTY_BODY = YES;
				CLANG_WARN_ENUM_CONVERSION = YES;
				CLANG_WARN_INFINITE_RECURSION = YES;
				CLANG_WARN_INT_CONVERSION = YES;
				CLANG_WARN_NON_LITERAL_NULL_CONVERSION = YES;
				CLANG_WARN_OBJC_LITERAL_CONVERSION = YES;
				CLANG_WARN_OBJC_ROOT_CLASS = YES_ERROR;
				CLANG_WARN_RANGE_LOOP_ANALYSIS = YES;
				CLANG_WARN_STRICT_PROTOTYPES = YES;
				CLANG_WARN_SUSPICIOUS_MOVE = YES;
				CLANG_WARN_UNGUARDED_AVAILABILITY = YES_AGGRESSIVE;
				CLANG_WARN_UNREACHABLE_CODE = YES;
				CLANG_WARN__DUPLICATE_METHOD_MATCH = YES;
				CODE_SIGN_IDENTITY = "iPhone Developer";
				COPY_PHASE_STRIP = NO;
				DEBUG_INFORMATION_FORMAT = dwarf;
				ENABLE_STRICT_OBJC_MSGSEND = YES;
				ENABLE_TESTABILITY = YES;
				GCC_C_LANGUAGE_STANDARD = gnu11;
				GCC_DYNAMIC_NO_PIC = NO;
				GCC_NO_COMMON_BLOCKS = YES;
				GCC_OPTIMIZATION_LEVEL = 0;
				GCC_PREPROCESSOR_DEFINITIONS = (
					"DEBUG=1",
					"$(inherited)",
				);
				GCC_WARN_64_TO_32_BIT_CONVERSION = YES;
				GCC_WARN_ABOUT_RETURN_TYPE = YES_ERROR;
				GCC_WARN_UNDECLARED_SELECTOR = YES;
				GCC_WARN_UNINITIALIZED_AUTOS = YES_AGGRESSIVE;
				GCC_WARN_UNUSED_FUNCTION = YES;
				GCC_WARN_UNUSED_VARIABLE = YES;
				IPHONEOS_DEPLOYMENT_TARGET = 11.2;
				MTL_ENABLE_DEBUG_INFO = YES;
				ONLY_ACTIVE_ARCH = YES;
				SDKROOT = iphoneos;
			};
			name = Debug;
		};
		6BD6B3DA20EDC73800196AB5 /* Release */ = {
			isa = XCBuildConfiguration;
			buildSettings = {
				ALWAYS_SEARCH_USER_PATHS = NO;
				CLANG_ANALYZER_NONNULL = YES;
				CLANG_ANALYZER_NUMBER_OBJECT_CONVERSION = YES_AGGRESSIVE;
				CLANG_CXX_LANGUAGE_STANDARD = "gnu++14";
				CLANG_CXX_LIBRARY = "libc++";
				CLANG_ENABLE_MODULES = YES;
				CLANG_ENABLE_OBJC_ARC = YES;
				CLANG_WARN_BLOCK_CAPTURE_AUTORELEASING = YES;
				CLANG_WARN_BOOL_CONVERSION = YES;
				CLANG_WARN_COMMA = YES;
				CLANG_WARN_CONSTANT_CONVERSION = YES;
				CLANG_WARN_DIRECT_OBJC_ISA_USAGE = YES_ERROR;
				CLANG_WARN_DOCUMENTATION_COMMENTS = YES;
				CLANG_WARN_EMPTY_BODY = YES;
				CLANG_WARN_ENUM_CONVERSION = YES;
				CLANG_WARN_INFINITE_RECURSION = YES;
				CLANG_WARN_INT_CONVERSION = YES;
				CLANG_WARN_NON_LITERAL_NULL_CONVERSION = YES;
				CLANG_WARN_OBJC_LITERAL_CONVERSION = YES;
				CLANG_WARN_OBJC_ROOT_CLASS = YES_ERROR;
				CLANG_WARN_RANGE_LOOP_ANALYSIS = YES;
				CLANG_WARN_STRICT_PROTOTYPES = YES;
				CLANG_WARN_SUSPICIOUS_MOVE = YES;
				CLANG_WARN_UNGUARDED_AVAILABILITY = YES_AGGRESSIVE;
				CLANG_WARN_UNREACHABLE_CODE = YES;
				CLANG_WARN__DUPLICATE_METHOD_MATCH = YES;
				CODE_SIGN_IDENTITY = "iPhone Developer";
				COPY_PHASE_STRIP = NO;
				DEBUG_INFORMATION_FORMAT = "dwarf-with-dsym";
				ENABLE_NS_ASSERTIONS = NO;
				ENABLE_STRICT_OBJC_MSGSEND = YES;
				GCC_C_LANGUAGE_STANDARD = gnu11;
				GCC_NO_COMMON_BLOCKS = YES;
				GCC_WARN_64_TO_32_BIT_CONVERSION = YES;
				GCC_WARN_ABOUT_RETURN_TYPE = YES_ERROR;
				GCC_WARN_UNDECLARED_SELECTOR = YES;
				GCC_WARN_UNINITIALIZED_AUTOS = YES_AGGRESSIVE;
				GCC_WARN_UNUSED_FUNCTION = YES;
				GCC_WARN_UNUSED_VARIABLE = YES;
				IPHONEOS_DEPLOYMENT_TARGET = 11.2;
				MTL_ENABLE_DEBUG_INFO = NO;
				SDKROOT = iphoneos;
				VALIDATE_PRODUCT = YES;
			};
			name = Release;
		};
		6BD6B3DC20EDC73800196AB5 /* Debug */ = {
			isa = XCBuildConfiguration;
			baseConfigurationReference = 055BFA21BD194671A5DCDB2E /* Pods-WKWebViewDemo.debug.xcconfig */;
			buildSettings = {
				ASSETCATALOG_COMPILER_APPICON_NAME = AppIcon;
				CODE_SIGN_STYLE = Automatic;
				DEVELOPMENT_TEAM = W7SRS3W8ET;
				INFOPLIST_FILE = WKWebViewDemo/Info.plist;
				LD_RUNPATH_SEARCH_PATHS = "$(inherited) @executable_path/Frameworks";
				PRODUCT_BUNDLE_IDENTIFIER = com.wandou.WKWebViewDemo;
				PRODUCT_NAME = "$(TARGET_NAME)";
				TARGETED_DEVICE_FAMILY = "1,2";
			};
			name = Debug;
		};
		6BD6B3DD20EDC73800196AB5 /* Release */ = {
			isa = XCBuildConfiguration;
			baseConfigurationReference = 9F3DEA6FC277F7C0A07B338E /* Pods-WKWebViewDemo.release.xcconfig */;
			buildSettings = {
				ASSETCATALOG_COMPILER_APPICON_NAME = AppIcon;
				CODE_SIGN_STYLE = Automatic;
				DEVELOPMENT_TEAM = W7SRS3W8ET;
				INFOPLIST_FILE = WKWebViewDemo/Info.plist;
				LD_RUNPATH_SEARCH_PATHS = "$(inherited) @executable_path/Frameworks";
				PRODUCT_BUNDLE_IDENTIFIER = com.wandou.WKWebViewDemo;
				PRODUCT_NAME = "$(TARGET_NAME)";
				TARGETED_DEVICE_FAMILY = "1,2";
			};
			name = Release;
		};
		6BD6B3DF20EDC73800196AB5 /* Debug */ = {
			isa = XCBuildConfiguration;
			buildSettings = {
				BUNDLE_LOADER = "$(TEST_HOST)";
				CODE_SIGN_STYLE = Automatic;
				DEVELOPMENT_TEAM = W7SRS3W8ET;
				INFOPLIST_FILE = WKWebViewDemoTests/Info.plist;
				LD_RUNPATH_SEARCH_PATHS = "$(inherited) @executable_path/Frameworks @loader_path/Frameworks";
				PRODUCT_BUNDLE_IDENTIFIER = com.wandou.WKWebViewDemoTests;
				PRODUCT_NAME = "$(TARGET_NAME)";
				TARGETED_DEVICE_FAMILY = "1,2";
				TEST_HOST = "$(BUILT_PRODUCTS_DIR)/WKWebViewDemo.app/WKWebViewDemo";
			};
			name = Debug;
		};
		6BD6B3E020EDC73800196AB5 /* Release */ = {
			isa = XCBuildConfiguration;
			buildSettings = {
				BUNDLE_LOADER = "$(TEST_HOST)";
				CODE_SIGN_STYLE = Automatic;
				DEVELOPMENT_TEAM = W7SRS3W8ET;
				INFOPLIST_FILE = WKWebViewDemoTests/Info.plist;
				LD_RUNPATH_SEARCH_PATHS = "$(inherited) @executable_path/Frameworks @loader_path/Frameworks";
				PRODUCT_BUNDLE_IDENTIFIER = com.wandou.WKWebViewDemoTests;
				PRODUCT_NAME = "$(TARGET_NAME)";
				TARGETED_DEVICE_FAMILY = "1,2";
				TEST_HOST = "$(BUILT_PRODUCTS_DIR)/WKWebViewDemo.app/WKWebViewDemo";
			};
			name = Release;
		};
		6BD6B3E220EDC73800196AB5 /* Debug */ = {
			isa = XCBuildConfiguration;
			buildSettings = {
				CODE_SIGN_STYLE = Automatic;
				DEVELOPMENT_TEAM = W7SRS3W8ET;
				INFOPLIST_FILE = WKWebViewDemoUITests/Info.plist;
				LD_RUNPATH_SEARCH_PATHS = "$(inherited) @executable_path/Frameworks @loader_path/Frameworks";
				PRODUCT_BUNDLE_IDENTIFIER = com.wandou.WKWebViewDemoUITests;
				PRODUCT_NAME = "$(TARGET_NAME)";
				TARGETED_DEVICE_FAMILY = "1,2";
				TEST_TARGET_NAME = WKWebViewDemo;
			};
			name = Debug;
		};
		6BD6B3E320EDC73800196AB5 /* Release */ = {
			isa = XCBuildConfiguration;
			buildSettings = {
				CODE_SIGN_STYLE = Automatic;
				DEVELOPMENT_TEAM = W7SRS3W8ET;
				INFOPLIST_FILE = WKWebViewDemoUITests/Info.plist;
				LD_RUNPATH_SEARCH_PATHS = "$(inherited) @executable_path/Frameworks @loader_path/Frameworks";
				PRODUCT_BUNDLE_IDENTIFIER = com.wandou.WKWebViewDemoUITests;
				PRODUCT_NAME = "$(TARGET_NAME)";
				TARGETED_DEVICE_FAMILY = "1,2";
				TEST_TARGET_NAME = WKWebViewDemo;
			};
			name = Release;
		};
/* End XCBuildConfiguration section */

/* Begin XCConfigurationList section */
		6BD6B3AA20EDC73800196AB5 /* Build configuration list for PBXProject "WKWebViewDemo" */ = {
			isa = XCConfigurationList;
			buildConfigurations = (
				6BD6B3D920EDC73800196AB5 /* Debug */,
				6BD6B3DA20EDC73800196AB5 /* Release */,
			);
			defaultConfigurationIsVisible = 0;
			defaultConfigurationName = Release;
		};
		6BD6B3DB20EDC73800196AB5 /* Build configuration list for PBXNativeTarget "WKWebViewDemo" */ = {
			isa = XCConfigurationList;
			buildConfigurations = (
				6BD6B3DC20EDC73800196AB5 /* Debug */,
				6BD6B3DD20EDC73800196AB5 /* Release */,
			);
			defaultConfigurationIsVisible = 0;
			defaultConfigurationName = Release;
		};
		6BD6B3DE20EDC73800196AB5 /* Build configuration list for PBXNativeTarget "WKWebViewDemoTests" */ = {
			isa = XCConfigurationList;
			buildConfigurations = (
				6BD6B3DF20EDC73800196AB5 /* Debug */,
				6BD6B3E020EDC73800196AB5 /* Release */,
			);
			defaultConfigurationIsVisible = 0;
			defaultConfigurationName = Release;
		};
		6BD6B3E120EDC73800196AB5 /* Build configuration list for PBXNativeTarget "WKWebViewDemoUITests" */ = {
			isa = XCConfigurationList;
			buildConfigurations = (
				6BD6B3E220EDC73800196AB5 /* Debug */,
				6BD6B3E320EDC73800196AB5 /* Release */,
			);
			defaultConfigurationIsVisible = 0;
			defaultConfigurationName = Release;
		};
/* End XCConfigurationList section */
	};
	rootObject = 6BD6B3A720EDC73800196AB5 /* Project object */;
}
